
Microsoft Visual Studio Solution File, Format Version 12.00
# Visual Studio Version 17
VisualStudioVersion = 17.8.34322.80
MinimumVisualStudioVersion = 10.0.40219.1
Project("{FAE04EC0-301F-11D3-BF4B-00C04F79EFBC}") = "Task1B1", "Task1B1.csproj", "{FF29862C-F640-4CD6-ACA1-09747F1E19BB}"
EndProject
Global
	GlobalSection(SolutionConfigurationPlatforms) = preSolution
		Debug|Any CPU = Debug|Any CPU
		Release|Any CPU = Release|Any CPU
	EndGlobalSection
	GlobalSection(ProjectConfigurationPlatforms) = postSolution
		{FF29862C-F640-4CD6-ACA1-09747F1E19BB}.Debug|Any CPU.ActiveCfg = Debug|Any CPU
		{FF29862C-F640-4CD6-ACA1-09747F1E19BB}.Debug|Any CPU.Build.0 = Debug|Any CPU
		{FF29862C-F640-4CD6-ACA1-09747F1E19BB}.Release|Any CPU.ActiveCfg = Release|Any CPU
		{FF29862C-F640-4CD6-ACA1-09747F1E19BB}.Release|Any CPU.Build.0 = Release|Any CPU
	EndGlobalSection
	GlobalSection(SolutionProperties) = preSolution
		HideSolutionNode = FALSE
	EndGlobalSection
	GlobalSection(ExtensibilityGlobals) = postSolution
		SolutionGuid = {627D59D8-4282-46BA-88B3-A21DD62BF481}
	EndGlobalSection
EndGlobal
